
Microsoft Visual Studio Solution File, Format Version 12.00
# Visual Studio Version 17
VisualStudioVersion = 17.1.31911.260
MinimumVisualStudioVersion = 10.0.40219.1
Project("{9A19103F-16F7-4668-BE54-9A1E7A4F7556}") = "Kuinox.ConveyorBelts", "Kuinox.ConveyorBelts\Kuinox.ConveyorBelts.csproj", "{F22BA283-C781-4E93-A97B-4A92174C116F}"
EndProject
Global
	GlobalSection(SolutionConfigurationPlatforms) = preSolution
		Debug|Any CPU = Debug|Any CPU
		Release|Any CPU = Release|Any CPU
	EndGlobalSection
	GlobalSection(ProjectConfigurationPlatforms) = postSolution
		{F22BA283-C781-4E93-A97B-4A92174C116F}.Debug|Any CPU.ActiveCfg = Debug|Any CPU
		{F22BA283-C781-4E93-A97B-4A92174C116F}.Debug|Any CPU.Build.0 = Debug|Any CPU
		{F22BA283-C781-4E93-A97B-4A92174C116F}.Release|Any CPU.ActiveCfg = Release|Any CPU
		{F22BA283-C781-4E93-A97B-4A92174C116F}.Release|Any CPU.Build.0 = Release|Any CPU
	EndGlobalSection
	GlobalSection(SolutionProperties) = preSolution
		HideSolutionNode = FALSE
	EndGlobalSection
	GlobalSection(ExtensibilityGlobals) = postSolution
		SolutionGuid = {14F65472-34D4-4C8F-A5CE-BF2053FE3098}
	EndGlobalSection
EndGlobal
