
Microsoft Visual Studio Solution File, Format Version 12.00
# Visual Studio Version 17
VisualStudioVersion = 17.1.31911.260
MinimumVisualStudioVersion = 10.0.40219.1
Project("{FAE04EC0-301F-11D3-BF4B-00C04F79EFBC}") = "Kuinox-ConveyorBelts", "Kuinox-ConveyorBelts\Kuinox-ConveyorBelts.csproj", "{5C6E93C0-5C46-4551-B88B-6B922C26BC86}"
EndProject
Global
	GlobalSection(SolutionConfigurationPlatforms) = preSolution
		Debug|Any CPU = Debug|Any CPU
		Release|Any CPU = Release|Any CPU
	EndGlobalSection
	GlobalSection(ProjectConfigurationPlatforms) = postSolution
		{5C6E93C0-5C46-4551-B88B-6B922C26BC86}.Debug|Any CPU.ActiveCfg = Debug|Any CPU
		{5C6E93C0-5C46-4551-B88B-6B922C26BC86}.Debug|Any CPU.Build.0 = Debug|Any CPU
		{5C6E93C0-5C46-4551-B88B-6B922C26BC86}.Release|Any CPU.ActiveCfg = Release|Any CPU
		{5C6E93C0-5C46-4551-B88B-6B922C26BC86}.Release|Any CPU.Build.0 = Release|Any CPU
	EndGlobalSection
	GlobalSection(SolutionProperties) = preSolution
		HideSolutionNode = FALSE
	EndGlobalSection
	GlobalSection(ExtensibilityGlobals) = postSolution
		SolutionGuid = {14F65472-34D4-4C8F-A5CE-BF2053FE3098}
	EndGlobalSection
EndGlobal
